
Microsoft Visual Studio Solution File, Format Version 12.00
# Visual Studio Version 17
VisualStudioVersion = 17.10.34607.79
MinimumVisualStudioVersion = 10.0.40219.1
Project("{FAE04EC0-301F-11D3-BF4B-00C04F79EFBC}") = "PROYECTO_HYUNDAI", "PROYECTO_HYUNDAI\PROYECTO_HYUNDAI.csproj", "{1F7024D8-6F46-41A4-85B6-5DADCBFC43DA}"
EndProject
Global
	GlobalSection(SolutionConfigurationPlatforms) = preSolution
		Debug|Any CPU = Debug|Any CPU
		Release|Any CPU = Release|Any CPU
	EndGlobalSection
	GlobalSection(ProjectConfigurationPlatforms) = postSolution
		{1F7024D8-6F46-41A4-85B6-5DADCBFC43DA}.Debug|Any CPU.ActiveCfg = Debug|Any CPU
		{1F7024D8-6F46-41A4-85B6-5DADCBFC43DA}.Debug|Any CPU.Build.0 = Debug|Any CPU
		{1F7024D8-6F46-41A4-85B6-5DADCBFC43DA}.Release|Any CPU.ActiveCfg = Release|Any CPU
		{1F7024D8-6F46-41A4-85B6-5DADCBFC43DA}.Release|Any CPU.Build.0 = Release|Any CPU
	EndGlobalSection
	GlobalSection(SolutionProperties) = preSolution
		HideSolutionNode = FALSE
	EndGlobalSection
	GlobalSection(ExtensibilityGlobals) = postSolution
		SolutionGuid = {EA14F0FB-526B-4083-BBF8-FAD62DF7A4CD}
	EndGlobalSection
EndGlobal
